<Solution>
    <Folder Name="/src/">
        <Project Path="src/FieldSales.AppHost/FieldSales.AppHost.csproj" />
        <Project Path="src/FieldSales.ServiceDefaults/FieldSales.ServiceDefaults.csproj" />
        <Project Path="src/FieldSales.Api/FieldSales.Api.csproj" />
        <Project Path="src/FieldSales.Web/FieldSales.Web.csproj" />
        <Project Path="src/FieldSales.Identity/src/FieldSales.Identity/FieldSales.Identity.csproj" />
        <Project Path="src/FieldSales.Identity.Admin.Services/FieldSales.Identity.Admin.Services.csproj" />
        <Project Path="src/FieldSales.Catalogue.Contracts/FieldSales.Catalogue.Contracts.csproj" />
        <Project Path="src/FieldSales.Directory.Contracts/FieldSales.Directory.Contracts.csproj" />
        <Project Path="src/FieldSales.Quantities/FieldSales.Quantities.csproj" />
        <Project Path="src/FieldSales.ReferenceData/FieldSales.ReferenceData.csproj" />
        <Project Path="src/FieldSales.StaffAccess/FieldSales.StaffAccess.csproj" />
    </Folder>
    <Folder Name="/tests/Unit/">
        <Project Path="tests/Unit/FieldSales.Api/FieldSales.Api.UnitTests.csproj" />
        <Project Path="tests/Unit/FieldSales.Identity.Admin/FieldSales.Identity.Admin.UnitTests.csproj" />
        <Project Path="tests/Unit/FieldSales.Web/FieldSales.Web.UnitTests.csproj" />
    </Folder>
    <Folder Name="/tests/Integration/">
        <Project Path="tests/Integration/FieldSales.Api/FieldSales.Api.IntegrationTests.csproj" />
        <Project Path="tests/Integration/FieldSales.Identity.Admin/FieldSales.Identity.Admin.IntegrationTests.csproj" />
        <Project Path="tests/Integration/FieldSales.Web/FieldSales.Web.IntegrationTests.csproj" />
        <Project Path="tests/Integration/FieldSales.DemoData/FieldSales.DemoData.IntegrationTests.csproj" />
    </Folder>
    <Folder Name="/tests/E2E/" />
    <Folder Name="/tools/">
        <Project Path="tools/FieldSales.DemoData/FieldSales.DemoData.csproj" />
    </Folder>
</Solution>
